
Microsoft Visual Studio Solution File, Format Version 12.00
# Visual Studio Version 16
VisualStudioVersion = 16.0.29709.97
MinimumVisualStudioVersion = 10.0.40219.1
Project("{9A19103F-16F7-4668-BE54-9A1E7A4F7556}") = "GeolocatorService", "src\GeolocatorService\GeolocatorService.csproj", "{0F4F3AD4-6264-434E-AF84-4408E6381EA9}"
EndProject
Project("{9A19103F-16F7-4668-BE54-9A1E7A4F7556}") = "GeolocatorService.Reactive", "src\GeolocatorService.Reactive\GeolocatorService.Reactive.csproj", "{713765FE-A442-4BAC-BB92-17F6030DD1C9}"
EndProject
Project("{D954291E-2A0B-460D-934E-DC6B0785DB48}") = "GeolocatorService.Samples.Shared", "src\GeolocatorService.Samples\GeolocatorService.Samples.Shared\GeolocatorService.Samples.Shared.shproj", "{6279C845-92F8-4333-AB99-3D213163593C}"
EndProject
Project("{FAE04EC0-301F-11D3-BF4B-00C04F79EFBC}") = "GeolocatorService.Samples.Droid", "src\GeolocatorService.Samples\GeolocatorService.Samples.Droid\GeolocatorService.Samples.Droid.csproj", "{6B817CE2-CF55-4159-93D1-3004017A42FA}"
EndProject
Project("{FAE04EC0-301F-11D3-BF4B-00C04F79EFBC}") = "GeolocatorService.Samples.iOS", "src\GeolocatorService.Samples\GeolocatorService.Samples.iOS\GeolocatorService.Samples.iOS.csproj", "{BCF99165-4ADE-4FA1-8515-018C3D41F2BF}"
EndProject
Project("{FAE04EC0-301F-11D3-BF4B-00C04F79EFBC}") = "GeolocatorService.Samples.UWP", "src\GeolocatorService.Samples\GeolocatorService.Samples.UWP\GeolocatorService.Samples.UWP.csproj", "{D3C1F581-1A60-4B19-A2B7-A4DDB2A0F794}"
EndProject
Project("{FAE04EC0-301F-11D3-BF4B-00C04F79EFBC}") = "GeolocatorService.Samples.Wasm", "src\GeolocatorService.Samples\GeolocatorService.Samples.Wasm\GeolocatorService.Samples.Wasm.csproj", "{E2A7D9BB-95EC-44D2-BDBE-35C480EB9C87}"
EndProject
Project("{FAE04EC0-301F-11D3-BF4B-00C04F79EFBC}") = "GeolocatorService.Samples.macOS", "src\GeolocatorService.Samples\GeolocatorService.Samples.macOS\GeolocatorService.Samples.macOS.csproj", "{3465A672-7FAA-49F6-A902-9935DA03D0BD}"
EndProject
Global
	GlobalSection(SharedMSBuildProjectFiles) = preSolution
		src\GeolocatorService.Samples\GeolocatorService.Samples.Shared\GeolocatorService.Samples.Shared.projitems*{3465a672-7faa-49f6-a902-9935da03d0bd}*SharedItemsImports = 4
		src\GeolocatorService.Samples\GeolocatorService.Samples.Shared\GeolocatorService.Samples.Shared.projitems*{6279c845-92f8-4333-ab99-3d213163593c}*SharedItemsImports = 13
		src\GeolocatorService.Samples\GeolocatorService.Samples.Shared\GeolocatorService.Samples.Shared.projitems*{6b817ce2-cf55-4159-93d1-3004017a42fa}*SharedItemsImports = 4
		src\GeolocatorService.Samples\GeolocatorService.Samples.Shared\GeolocatorService.Samples.Shared.projitems*{bcf99165-4ade-4fa1-8515-018c3d41f2bf}*SharedItemsImports = 4
		src\GeolocatorService.Samples\GeolocatorService.Samples.Shared\GeolocatorService.Samples.Shared.projitems*{d3c1f581-1a60-4b19-a2b7-a4ddb2a0f794}*SharedItemsImports = 4
	EndGlobalSection
	GlobalSection(SolutionConfigurationPlatforms) = preSolution
		Ad-Hoc|Any CPU = Ad-Hoc|Any CPU
		Ad-Hoc|ARM = Ad-Hoc|ARM
		Ad-Hoc|ARM64 = Ad-Hoc|ARM64
		Ad-Hoc|iPhone = Ad-Hoc|iPhone
		Ad-Hoc|iPhoneSimulator = Ad-Hoc|iPhoneSimulator
		Ad-Hoc|x64 = Ad-Hoc|x64
		Ad-Hoc|x86 = Ad-Hoc|x86
		AppStore|Any CPU = AppStore|Any CPU
		AppStore|ARM = AppStore|ARM
		AppStore|ARM64 = AppStore|ARM64
		AppStore|iPhone = AppStore|iPhone
		AppStore|iPhoneSimulator = AppStore|iPhoneSimulator
		AppStore|x64 = AppStore|x64
		AppStore|x86 = AppStore|x86
		Debug|Any CPU = Debug|Any CPU
		Debug|ARM = Debug|ARM
		Debug|ARM64 = Debug|ARM64
		Debug|iPhone = Debug|iPhone
		Debug|iPhoneSimulator = Debug|iPhoneSimulator
		Debug|x64 = Debug|x64
		Debug|x86 = Debug|x86
		Release|Any CPU = Release|Any CPU
		Release|ARM = Release|ARM
		Release|ARM64 = Release|ARM64
		Release|iPhone = Release|iPhone
		Release|iPhoneSimulator = Release|iPhoneSimulator
		Release|x64 = Release|x64
		Release|x86 = Release|x86
	EndGlobalSection
	GlobalSection(ProjectConfigurationPlatforms) = postSolution
		{0F4F3AD4-6264-434E-AF84-4408E6381EA9}.Ad-Hoc|Any CPU.ActiveCfg = Release|Any CPU
		{0F4F3AD4-6264-434E-AF84-4408E6381EA9}.Ad-Hoc|Any CPU.Build.0 = Release|Any CPU
		{0F4F3AD4-6264-434E-AF84-4408E6381EA9}.Ad-Hoc|ARM.ActiveCfg = Release|Any CPU
		{0F4F3AD4-6264-434E-AF84-4408E6381EA9}.Ad-Hoc|ARM.Build.0 = Release|Any CPU
		{0F4F3AD4-6264-434E-AF84-4408E6381EA9}.Ad-Hoc|ARM64.ActiveCfg = Release|Any CPU
		{0F4F3AD4-6264-434E-AF84-4408E6381EA9}.Ad-Hoc|ARM64.Build.0 = Release|Any CPU
		{0F4F3AD4-6264-434E-AF84-4408E6381EA9}.Ad-Hoc|iPhone.ActiveCfg = Release|Any CPU
		{0F4F3AD4-6264-434E-AF84-4408E6381EA9}.Ad-Hoc|iPhone.Build.0 = Release|Any CPU
		{0F4F3AD4-6264-434E-AF84-4408E6381EA9}.Ad-Hoc|iPhoneSimulator.ActiveCfg = Release|Any CPU
		{0F4F3AD4-6264-434E-AF84-4408E6381EA9}.Ad-Hoc|iPhoneSimulator.Build.0 = Release|Any CPU
		{0F4F3AD4-6264-434E-AF84-4408E6381EA9}.Ad-Hoc|x64.ActiveCfg = Release|Any CPU
		{0F4F3AD4-6264-434E-AF84-4408E6381EA9}.Ad-Hoc|x64.Build.0 = Release|Any CPU
		{0F4F3AD4-6264-434E-AF84-4408E6381EA9}.Ad-Hoc|x86.ActiveCfg = Release|Any CPU
		{0F4F3AD4-6264-434E-AF84-4408E6381EA9}.Ad-Hoc|x86.Build.0 = Release|Any CPU
		{0F4F3AD4-6264-434E-AF84-4408E6381EA9}.AppStore|Any CPU.ActiveCfg = Release|Any CPU
		{0F4F3AD4-6264-434E-AF84-4408E6381EA9}.AppStore|Any CPU.Build.0 = Release|Any CPU
		{0F4F3AD4-6264-434E-AF84-4408E6381EA9}.AppStore|ARM.ActiveCfg = Release|Any CPU
		{0F4F3AD4-6264-434E-AF84-4408E6381EA9}.AppStore|ARM.Build.0 = Release|Any CPU
		{0F4F3AD4-6264-434E-AF84-4408E6381EA9}.AppStore|ARM64.ActiveCfg = Release|Any CPU
		{0F4F3AD4-6264-434E-AF84-4408E6381EA9}.AppStore|ARM64.Build.0 = Release|Any CPU
		{0F4F3AD4-6264-434E-AF84-4408E6381EA9}.AppStore|iPhone.ActiveCfg = Release|Any CPU
		{0F4F3AD4-6264-434E-AF84-4408E6381EA9}.AppStore|iPhone.Build.0 = Release|Any CPU
		{0F4F3AD4-6264-434E-AF84-4408E6381EA9}.AppStore|iPhoneSimulator.ActiveCfg = Release|Any CPU
		{0F4F3AD4-6264-434E-AF84-4408E6381EA9}.AppStore|iPhoneSimulator.Build.0 = Release|Any CPU
		{0F4F3AD4-6264-434E-AF84-4408E6381EA9}.AppStore|x64.ActiveCfg = Release|Any CPU
		{0F4F3AD4-6264-434E-AF84-4408E6381EA9}.AppStore|x64.Build.0 = Release|Any CPU
		{0F4F3AD4-6264-434E-AF84-4408E6381EA9}.AppStore|x86.ActiveCfg = Release|Any CPU
		{0F4F3AD4-6264-434E-AF84-4408E6381EA9}.AppStore|x86.Build.0 = Release|Any CPU
		{0F4F3AD4-6264-434E-AF84-4408E6381EA9}.Debug|Any CPU.ActiveCfg = Debug|Any CPU
		{0F4F3AD4-6264-434E-AF84-4408E6381EA9}.Debug|Any CPU.Build.0 = Debug|Any CPU
		{0F4F3AD4-6264-434E-AF84-4408E6381EA9}.Debug|ARM.ActiveCfg = Debug|Any CPU
		{0F4F3AD4-6264-434E-AF84-4408E6381EA9}.Debug|ARM.Build.0 = Debug|Any CPU
		{0F4F3AD4-6264-434E-AF84-4408E6381EA9}.Debug|ARM64.ActiveCfg = Debug|Any CPU
		{0F4F3AD4-6264-434E-AF84-4408E6381EA9}.Debug|ARM64.Build.0 = Debug|Any CPU
		{0F4F3AD4-6264-434E-AF84-4408E6381EA9}.Debug|iPhone.ActiveCfg = Debug|Any CPU
		{0F4F3AD4-6264-434E-AF84-4408E6381EA9}.Debug|iPhone.Build.0 = Debug|Any CPU
		{0F4F3AD4-6264-434E-AF84-4408E6381EA9}.Debug|iPhoneSimulator.ActiveCfg = Debug|Any CPU
		{0F4F3AD4-6264-434E-AF84-4408E6381EA9}.Debug|iPhoneSimulator.Build.0 = Debug|Any CPU
		{0F4F3AD4-6264-434E-AF84-4408E6381EA9}.Debug|x64.ActiveCfg = Debug|Any CPU
		{0F4F3AD4-6264-434E-AF84-4408E6381EA9}.Debug|x64.Build.0 = Debug|Any CPU
		{0F4F3AD4-6264-434E-AF84-4408E6381EA9}.Debug|x86.ActiveCfg = Debug|Any CPU
		{0F4F3AD4-6264-434E-AF84-4408E6381EA9}.Debug|x86.Build.0 = Debug|Any CPU
		{0F4F3AD4-6264-434E-AF84-4408E6381EA9}.Release|Any CPU.ActiveCfg = Release|Any CPU
		{0F4F3AD4-6264-434E-AF84-4408E6381EA9}.Release|Any CPU.Build.0 = Release|Any CPU
		{0F4F3AD4-6264-434E-AF84-4408E6381EA9}.Release|ARM.ActiveCfg = Release|Any CPU
		{0F4F3AD4-6264-434E-AF84-4408E6381EA9}.Release|ARM.Build.0 = Release|Any CPU
		{0F4F3AD4-6264-434E-AF84-4408E6381EA9}.Release|ARM64.ActiveCfg = Release|Any CPU
		{0F4F3AD4-6264-434E-AF84-4408E6381EA9}.Release|ARM64.Build.0 = Release|Any CPU
		{0F4F3AD4-6264-434E-AF84-4408E6381EA9}.Release|iPhone.ActiveCfg = Release|Any CPU
		{0F4F3AD4-6264-434E-AF84-4408E6381EA9}.Release|iPhone.Build.0 = Release|Any CPU
		{0F4F3AD4-6264-434E-AF84-4408E6381EA9}.Release|iPhoneSimulator.ActiveCfg = Release|Any CPU
		{0F4F3AD4-6264-434E-AF84-4408E6381EA9}.Release|iPhoneSimulator.Build.0 = Release|Any CPU
		{0F4F3AD4-6264-434E-AF84-4408E6381EA9}.Release|x64.ActiveCfg = Release|Any CPU
		{0F4F3AD4-6264-434E-AF84-4408E6381EA9}.Release|x64.Build.0 = Release|Any CPU
		{0F4F3AD4-6264-434E-AF84-4408E6381EA9}.Release|x86.ActiveCfg = Release|Any CPU
		{0F4F3AD4-6264-434E-AF84-4408E6381EA9}.Release|x86.Build.0 = Release|Any CPU
		{713765FE-A442-4BAC-BB92-17F6030DD1C9}.Ad-Hoc|Any CPU.ActiveCfg = Release|Any CPU
		{713765FE-A442-4BAC-BB92-17F6030DD1C9}.Ad-Hoc|Any CPU.Build.0 = Release|Any CPU
		{713765FE-A442-4BAC-BB92-17F6030DD1C9}.Ad-Hoc|ARM.ActiveCfg = Release|Any CPU
		{713765FE-A442-4BAC-BB92-17F6030DD1C9}.Ad-Hoc|ARM.Build.0 = Release|Any CPU
		{713765FE-A442-4BAC-BB92-17F6030DD1C9}.Ad-Hoc|ARM64.ActiveCfg = Release|Any CPU
		{713765FE-A442-4BAC-BB92-17F6030DD1C9}.Ad-Hoc|ARM64.Build.0 = Release|Any CPU
		{713765FE-A442-4BAC-BB92-17F6030DD1C9}.Ad-Hoc|iPhone.ActiveCfg = Release|Any CPU
		{713765FE-A442-4BAC-BB92-17F6030DD1C9}.Ad-Hoc|iPhone.Build.0 = Release|Any CPU
		{713765FE-A442-4BAC-BB92-17F6030DD1C9}.Ad-Hoc|iPhoneSimulator.ActiveCfg = Release|Any CPU
		{713765FE-A442-4BAC-BB92-17F6030DD1C9}.Ad-Hoc|iPhoneSimulator.Build.0 = Release|Any CPU
		{713765FE-A442-4BAC-BB92-17F6030DD1C9}.Ad-Hoc|x64.ActiveCfg = Release|Any CPU
		{713765FE-A442-4BAC-BB92-17F6030DD1C9}.Ad-Hoc|x64.Build.0 = Release|Any CPU
		{713765FE-A442-4BAC-BB92-17F6030DD1C9}.Ad-Hoc|x86.ActiveCfg = Release|Any CPU
		{713765FE-A442-4BAC-BB92-17F6030DD1C9}.Ad-Hoc|x86.Build.0 = Release|Any CPU
		{713765FE-A442-4BAC-BB92-17F6030DD1C9}.AppStore|Any CPU.ActiveCfg = Release|Any CPU
		{713765FE-A442-4BAC-BB92-17F6030DD1C9}.AppStore|Any CPU.Build.0 = Release|Any CPU
		{713765FE-A442-4BAC-BB92-17F6030DD1C9}.AppStore|ARM.ActiveCfg = Release|Any CPU
		{713765FE-A442-4BAC-BB92-17F6030DD1C9}.AppStore|ARM.Build.0 = Release|Any CPU
		{713765FE-A442-4BAC-BB92-17F6030DD1C9}.AppStore|ARM64.ActiveCfg = Release|Any CPU
		{713765FE-A442-4BAC-BB92-17F6030DD1C9}.AppStore|ARM64.Build.0 = Release|Any CPU
		{713765FE-A442-4BAC-BB92-17F6030DD1C9}.AppStore|iPhone.ActiveCfg = Release|Any CPU
		{713765FE-A442-4BAC-BB92-17F6030DD1C9}.AppStore|iPhone.Build.0 = Release|Any CPU
		{713765FE-A442-4BAC-BB92-17F6030DD1C9}.AppStore|iPhoneSimulator.ActiveCfg = Release|Any CPU
		{713765FE-A442-4BAC-BB92-17F6030DD1C9}.AppStore|iPhoneSimulator.Build.0 = Release|Any CPU
		{713765FE-A442-4BAC-BB92-17F6030DD1C9}.AppStore|x64.ActiveCfg = Release|Any CPU
		{713765FE-A442-4BAC-BB92-17F6030DD1C9}.AppStore|x64.Build.0 = Release|Any CPU
		{713765FE-A442-4BAC-BB92-17F6030DD1C9}.AppStore|x86.ActiveCfg = Release|Any CPU
		{713765FE-A442-4BAC-BB92-17F6030DD1C9}.AppStore|x86.Build.0 = Release|Any CPU
		{713765FE-A442-4BAC-BB92-17F6030DD1C9}.Debug|Any CPU.ActiveCfg = Debug|Any CPU
		{713765FE-A442-4BAC-BB92-17F6030DD1C9}.Debug|Any CPU.Build.0 = Debug|Any CPU
		{713765FE-A442-4BAC-BB92-17F6030DD1C9}.Debug|ARM.ActiveCfg = Debug|Any CPU
		{713765FE-A442-4BAC-BB92-17F6030DD1C9}.Debug|ARM.Build.0 = Debug|Any CPU
		{713765FE-A442-4BAC-BB92-17F6030DD1C9}.Debug|ARM64.ActiveCfg = Debug|Any CPU
		{713765FE-A442-4BAC-BB92-17F6030DD1C9}.Debug|ARM64.Build.0 = Debug|Any CPU
		{713765FE-A442-4BAC-BB92-17F6030DD1C9}.Debug|iPhone.ActiveCfg = Debug|Any CPU
		{713765FE-A442-4BAC-BB92-17F6030DD1C9}.Debug|iPhone.Build.0 = Debug|Any CPU
		{713765FE-A442-4BAC-BB92-17F6030DD1C9}.Debug|iPhoneSimulator.ActiveCfg = Debug|Any CPU
		{713765FE-A442-4BAC-BB92-17F6030DD1C9}.Debug|iPhoneSimulator.Build.0 = Debug|Any CPU
		{713765FE-A442-4BAC-BB92-17F6030DD1C9}.Debug|x64.ActiveCfg = Debug|Any CPU
		{713765FE-A442-4BAC-BB92-17F6030DD1C9}.Debug|x64.Build.0 = Debug|Any CPU
		{713765FE-A442-4BAC-BB92-17F6030DD1C9}.Debug|x86.ActiveCfg = Debug|Any CPU
		{713765FE-A442-4BAC-BB92-17F6030DD1C9}.Debug|x86.Build.0 = Debug|Any CPU
		{713765FE-A442-4BAC-BB92-17F6030DD1C9}.Release|Any CPU.ActiveCfg = Release|Any CPU
		{713765FE-A442-4BAC-BB92-17F6030DD1C9}.Release|Any CPU.Build.0 = Release|Any CPU
		{713765FE-A442-4BAC-BB92-17F6030DD1C9}.Release|ARM.ActiveCfg = Release|Any CPU
		{713765FE-A442-4BAC-BB92-17F6030DD1C9}.Release|ARM.Build.0 = Release|Any CPU
		{713765FE-A442-4BAC-BB92-17F6030DD1C9}.Release|ARM64.ActiveCfg = Release|Any CPU
		{713765FE-A442-4BAC-BB92-17F6030DD1C9}.Release|ARM64.Build.0 = Release|Any CPU
		{713765FE-A442-4BAC-BB92-17F6030DD1C9}.Release|iPhone.ActiveCfg = Release|Any CPU
		{713765FE-A442-4BAC-BB92-17F6030DD1C9}.Release|iPhone.Build.0 = Release|Any CPU
		{713765FE-A442-4BAC-BB92-17F6030DD1C9}.Release|iPhoneSimulator.ActiveCfg = Release|Any CPU
		{713765FE-A442-4BAC-BB92-17F6030DD1C9}.Release|iPhoneSimulator.Build.0 = Release|Any CPU
		{713765FE-A442-4BAC-BB92-17F6030DD1C9}.Release|x64.ActiveCfg = Release|Any CPU
		{713765FE-A442-4BAC-BB92-17F6030DD1C9}.Release|x64.Build.0 = Release|Any CPU
		{713765FE-A442-4BAC-BB92-17F6030DD1C9}.Release|x86.ActiveCfg = Release|Any CPU
		{713765FE-A442-4BAC-BB92-17F6030DD1C9}.Release|x86.Build.0 = Release|Any CPU
		{6B817CE2-CF55-4159-93D1-3004017A42FA}.Ad-Hoc|Any CPU.ActiveCfg = Release|Any CPU
		{6B817CE2-CF55-4159-93D1-3004017A42FA}.Ad-Hoc|Any CPU.Build.0 = Release|Any CPU
		{6B817CE2-CF55-4159-93D1-3004017A42FA}.Ad-Hoc|Any CPU.Deploy.0 = Release|Any CPU
		{6B817CE2-CF55-4159-93D1-3004017A42FA}.Ad-Hoc|ARM.ActiveCfg = Release|Any CPU
		{6B817CE2-CF55-4159-93D1-3004017A42FA}.Ad-Hoc|ARM.Build.0 = Release|Any CPU
		{6B817CE2-CF55-4159-93D1-3004017A42FA}.Ad-Hoc|ARM.Deploy.0 = Release|Any CPU
		{6B817CE2-CF55-4159-93D1-3004017A42FA}.Ad-Hoc|ARM64.ActiveCfg = Release|Any CPU
		{6B817CE2-CF55-4159-93D1-3004017A42FA}.Ad-Hoc|ARM64.Build.0 = Release|Any CPU
		{6B817CE2-CF55-4159-93D1-3004017A42FA}.Ad-Hoc|ARM64.Deploy.0 = Release|Any CPU
		{6B817CE2-CF55-4159-93D1-3004017A42FA}.Ad-Hoc|iPhone.ActiveCfg = Release|Any CPU
		{6B817CE2-CF55-4159-93D1-3004017A42FA}.Ad-Hoc|iPhone.Build.0 = Release|Any CPU
		{6B817CE2-CF55-4159-93D1-3004017A42FA}.Ad-Hoc|iPhone.Deploy.0 = Release|Any CPU
		{6B817CE2-CF55-4159-93D1-3004017A42FA}.Ad-Hoc|iPhoneSimulator.ActiveCfg = Release|Any CPU
		{6B817CE2-CF55-4159-93D1-3004017A42FA}.Ad-Hoc|iPhoneSimulator.Build.0 = Release|Any CPU
		{6B817CE2-CF55-4159-93D1-3004017A42FA}.Ad-Hoc|iPhoneSimulator.Deploy.0 = Release|Any CPU
		{6B817CE2-CF55-4159-93D1-3004017A42FA}.Ad-Hoc|x64.ActiveCfg = Release|Any CPU
		{6B817CE2-CF55-4159-93D1-3004017A42FA}.Ad-Hoc|x64.Build.0 = Release|Any CPU
		{6B817CE2-CF55-4159-93D1-3004017A42FA}.Ad-Hoc|x64.Deploy.0 = Release|Any CPU
		{6B817CE2-CF55-4159-93D1-3004017A42FA}.Ad-Hoc|x86.ActiveCfg = Release|Any CPU
		{6B817CE2-CF55-4159-93D1-3004017A42FA}.Ad-Hoc|x86.Build.0 = Release|Any CPU
		{6B817CE2-CF55-4159-93D1-3004017A42FA}.Ad-Hoc|x86.Deploy.0 = Release|Any CPU
		{6B817CE2-CF55-4159-93D1-3004017A42FA}.AppStore|Any CPU.ActiveCfg = Release|Any CPU
		{6B817CE2-CF55-4159-93D1-3004017A42FA}.AppStore|Any CPU.Build.0 = Release|Any CPU
		{6B817CE2-CF55-4159-93D1-3004017A42FA}.AppStore|Any CPU.Deploy.0 = Release|Any CPU
		{6B817CE2-CF55-4159-93D1-3004017A42FA}.AppStore|ARM.ActiveCfg = Release|Any CPU
		{6B817CE2-CF55-4159-93D1-3004017A42FA}.AppStore|ARM.Build.0 = Release|Any CPU
		{6B817CE2-CF55-4159-93D1-3004017A42FA}.AppStore|ARM.Deploy.0 = Release|Any CPU
		{6B817CE2-CF55-4159-93D1-3004017A42FA}.AppStore|ARM64.ActiveCfg = Release|Any CPU
		{6B817CE2-CF55-4159-93D1-3004017A42FA}.AppStore|ARM64.Build.0 = Release|Any CPU
		{6B817CE2-CF55-4159-93D1-3004017A42FA}.AppStore|ARM64.Deploy.0 = Release|Any CPU
		{6B817CE2-CF55-4159-93D1-3004017A42FA}.AppStore|iPhone.ActiveCfg = Release|Any CPU
		{6B817CE2-CF55-4159-93D1-3004017A42FA}.AppStore|iPhone.Build.0 = Release|Any CPU
		{6B817CE2-CF55-4159-93D1-3004017A42FA}.AppStore|iPhone.Deploy.0 = Release|Any CPU
		{6B817CE2-CF55-4159-93D1-3004017A42FA}.AppStore|iPhoneSimulator.ActiveCfg = Release|Any CPU
		{6B817CE2-CF55-4159-93D1-3004017A42FA}.AppStore|iPhoneSimulator.Build.0 = Release|Any CPU
		{6B817CE2-CF55-4159-93D1-3004017A42FA}.AppStore|iPhoneSimulator.Deploy.0 = Release|Any CPU
		{6B817CE2-CF55-4159-93D1-3004017A42FA}.AppStore|x64.ActiveCfg = Release|Any CPU
		{6B817CE2-CF55-4159-93D1-3004017A42FA}.AppStore|x64.Build.0 = Release|Any CPU
		{6B817CE2-CF55-4159-93D1-3004017A42FA}.AppStore|x64.Deploy.0 = Release|Any CPU
		{6B817CE2-CF55-4159-93D1-3004017A42FA}.AppStore|x86.ActiveCfg = Release|Any CPU
		{6B817CE2-CF55-4159-93D1-3004017A42FA}.AppStore|x86.Build.0 = Release|Any CPU
		{6B817CE2-CF55-4159-93D1-3004017A42FA}.AppStore|x86.Deploy.0 = Release|Any CPU
		{6B817CE2-CF55-4159-93D1-3004017A42FA}.Debug|Any CPU.ActiveCfg = Debug|Any CPU
		{6B817CE2-CF55-4159-93D1-3004017A42FA}.Debug|Any CPU.Build.0 = Debug|Any CPU
		{6B817CE2-CF55-4159-93D1-3004017A42FA}.Debug|Any CPU.Deploy.0 = Debug|Any CPU
		{6B817CE2-CF55-4159-93D1-3004017A42FA}.Debug|ARM.ActiveCfg = Debug|Any CPU
		{6B817CE2-CF55-4159-93D1-3004017A42FA}.Debug|ARM.Build.0 = Debug|Any CPU
		{6B817CE2-CF55-4159-93D1-3004017A42FA}.Debug|ARM.Deploy.0 = Debug|Any CPU
		{6B817CE2-CF55-4159-93D1-3004017A42FA}.Debug|ARM64.ActiveCfg = Debug|Any CPU
		{6B817CE2-CF55-4159-93D1-3004017A42FA}.Debug|ARM64.Build.0 = Debug|Any CPU
		{6B817CE2-CF55-4159-93D1-3004017A42FA}.Debug|ARM64.Deploy.0 = Debug|Any CPU
		{6B817CE2-CF55-4159-93D1-3004017A42FA}.Debug|iPhone.ActiveCfg = Debug|Any CPU
		{6B817CE2-CF55-4159-93D1-3004017A42FA}.Debug|iPhone.Build.0 = Debug|Any CPU
		{6B817CE2-CF55-4159-93D1-3004017A42FA}.Debug|iPhone.Deploy.0 = Debug|Any CPU
		{6B817CE2-CF55-4159-93D1-3004017A42FA}.Debug|iPhoneSimulator.ActiveCfg = Debug|Any CPU
		{6B817CE2-CF55-4159-93D1-3004017A42FA}.Debug|iPhoneSimulator.Build.0 = Debug|Any CPU
		{6B817CE2-CF55-4159-93D1-3004017A42FA}.Debug|iPhoneSimulator.Deploy.0 = Debug|Any CPU
		{6B817CE2-CF55-4159-93D1-3004017A42FA}.Debug|x64.ActiveCfg = Debug|Any CPU
		{6B817CE2-CF55-4159-93D1-3004017A42FA}.Debug|x64.Build.0 = Debug|Any CPU
		{6B817CE2-CF55-4159-93D1-3004017A42FA}.Debug|x64.Deploy.0 = Debug|Any CPU
		{6B817CE2-CF55-4159-93D1-3004017A42FA}.Debug|x86.ActiveCfg = Debug|Any CPU
		{6B817CE2-CF55-4159-93D1-3004017A42FA}.Debug|x86.Build.0 = Debug|Any CPU
		{6B817CE2-CF55-4159-93D1-3004017A42FA}.Debug|x86.Deploy.0 = Debug|Any CPU
		{6B817CE2-CF55-4159-93D1-3004017A42FA}.Release|Any CPU.ActiveCfg = Release|Any CPU
		{6B817CE2-CF55-4159-93D1-3004017A42FA}.Release|Any CPU.Build.0 = Release|Any CPU
		{6B817CE2-CF55-4159-93D1-3004017A42FA}.Release|Any CPU.Deploy.0 = Release|Any CPU
		{6B817CE2-CF55-4159-93D1-3004017A42FA}.Release|ARM.ActiveCfg = Release|Any CPU
		{6B817CE2-CF55-4159-93D1-3004017A42FA}.Release|ARM.Build.0 = Release|Any CPU
		{6B817CE2-CF55-4159-93D1-3004017A42FA}.Release|ARM.Deploy.0 = Release|Any CPU
		{6B817CE2-CF55-4159-93D1-3004017A42FA}.Release|ARM64.ActiveCfg = Release|Any CPU
		{6B817CE2-CF55-4159-93D1-3004017A42FA}.Release|ARM64.Build.0 = Release|Any CPU
		{6B817CE2-CF55-4159-93D1-3004017A42FA}.Release|ARM64.Deploy.0 = Release|Any CPU
		{6B817CE2-CF55-4159-93D1-3004017A42FA}.Release|iPhone.ActiveCfg = Release|Any CPU
		{6B817CE2-CF55-4159-93D1-3004017A42FA}.Release|iPhone.Build.0 = Release|Any CPU
		{6B817CE2-CF55-4159-93D1-3004017A42FA}.Release|iPhone.Deploy.0 = Release|Any CPU
		{6B817CE2-CF55-4159-93D1-3004017A42FA}.Release|iPhoneSimulator.ActiveCfg = Release|Any CPU
		{6B817CE2-CF55-4159-93D1-3004017A42FA}.Release|iPhoneSimulator.Build.0 = Release|Any CPU
		{6B817CE2-CF55-4159-93D1-3004017A42FA}.Release|iPhoneSimulator.Deploy.0 = Release|Any CPU
		{6B817CE2-CF55-4159-93D1-3004017A42FA}.Release|x64.ActiveCfg = Release|Any CPU
		{6B817CE2-CF55-4159-93D1-3004017A42FA}.Release|x64.Build.0 = Release|Any CPU
		{6B817CE2-CF55-4159-93D1-3004017A42FA}.Release|x64.Deploy.0 = Release|Any CPU
		{6B817CE2-CF55-4159-93D1-3004017A42FA}.Release|x86.ActiveCfg = Release|Any CPU
		{6B817CE2-CF55-4159-93D1-3004017A42FA}.Release|x86.Build.0 = Release|Any CPU
		{6B817CE2-CF55-4159-93D1-3004017A42FA}.Release|x86.Deploy.0 = Release|Any CPU
		{BCF99165-4ADE-4FA1-8515-018C3D41F2BF}.Ad-Hoc|Any CPU.ActiveCfg = Ad-Hoc|iPhone
		{BCF99165-4ADE-4FA1-8515-018C3D41F2BF}.Ad-Hoc|ARM.ActiveCfg = Ad-Hoc|iPhone
		{BCF99165-4ADE-4FA1-8515-018C3D41F2BF}.Ad-Hoc|ARM64.ActiveCfg = Ad-Hoc|iPhone
		{BCF99165-4ADE-4FA1-8515-018C3D41F2BF}.Ad-Hoc|iPhone.ActiveCfg = Ad-Hoc|iPhone
		{BCF99165-4ADE-4FA1-8515-018C3D41F2BF}.Ad-Hoc|iPhone.Build.0 = Ad-Hoc|iPhone
		{BCF99165-4ADE-4FA1-8515-018C3D41F2BF}.Ad-Hoc|iPhoneSimulator.ActiveCfg = Ad-Hoc|iPhoneSimulator
		{BCF99165-4ADE-4FA1-8515-018C3D41F2BF}.Ad-Hoc|iPhoneSimulator.Build.0 = Ad-Hoc|iPhoneSimulator
		{BCF99165-4ADE-4FA1-8515-018C3D41F2BF}.Ad-Hoc|x64.ActiveCfg = Ad-Hoc|iPhone
		{BCF99165-4ADE-4FA1-8515-018C3D41F2BF}.Ad-Hoc|x86.ActiveCfg = Ad-Hoc|iPhone
		{BCF99165-4ADE-4FA1-8515-018C3D41F2BF}.AppStore|Any CPU.ActiveCfg = AppStore|iPhone
		{BCF99165-4ADE-4FA1-8515-018C3D41F2BF}.AppStore|ARM.ActiveCfg = AppStore|iPhone
		{BCF99165-4ADE-4FA1-8515-018C3D41F2BF}.AppStore|ARM64.ActiveCfg = AppStore|iPhone
		{BCF99165-4ADE-4FA1-8515-018C3D41F2BF}.AppStore|iPhone.ActiveCfg = AppStore|iPhone
		{BCF99165-4ADE-4FA1-8515-018C3D41F2BF}.AppStore|iPhone.Build.0 = AppStore|iPhone
		{BCF99165-4ADE-4FA1-8515-018C3D41F2BF}.AppStore|iPhoneSimulator.ActiveCfg = AppStore|iPhoneSimulator
		{BCF99165-4ADE-4FA1-8515-018C3D41F2BF}.AppStore|iPhoneSimulator.Build.0 = AppStore|iPhoneSimulator
		{BCF99165-4ADE-4FA1-8515-018C3D41F2BF}.AppStore|x64.ActiveCfg = AppStore|iPhone
		{BCF99165-4ADE-4FA1-8515-018C3D41F2BF}.AppStore|x86.ActiveCfg = AppStore|iPhone
		{BCF99165-4ADE-4FA1-8515-018C3D41F2BF}.Debug|Any CPU.ActiveCfg = Debug|iPhone
		{BCF99165-4ADE-4FA1-8515-018C3D41F2BF}.Debug|ARM.ActiveCfg = Debug|iPhone
		{BCF99165-4ADE-4FA1-8515-018C3D41F2BF}.Debug|ARM64.ActiveCfg = Debug|iPhone
		{BCF99165-4ADE-4FA1-8515-018C3D41F2BF}.Debug|iPhone.ActiveCfg = Debug|iPhone
		{BCF99165-4ADE-4FA1-8515-018C3D41F2BF}.Debug|iPhone.Build.0 = Debug|iPhone
		{BCF99165-4ADE-4FA1-8515-018C3D41F2BF}.Debug|iPhoneSimulator.ActiveCfg = Debug|iPhoneSimulator
		{BCF99165-4ADE-4FA1-8515-018C3D41F2BF}.Debug|iPhoneSimulator.Build.0 = Debug|iPhoneSimulator
		{BCF99165-4ADE-4FA1-8515-018C3D41F2BF}.Debug|x64.ActiveCfg = Debug|iPhone
		{BCF99165-4ADE-4FA1-8515-018C3D41F2BF}.Debug|x86.ActiveCfg = Debug|iPhone
		{BCF99165-4ADE-4FA1-8515-018C3D41F2BF}.Release|Any CPU.ActiveCfg = Release|iPhone
		{BCF99165-4ADE-4FA1-8515-018C3D41F2BF}.Release|ARM.ActiveCfg = Release|iPhone
		{BCF99165-4ADE-4FA1-8515-018C3D41F2BF}.Release|ARM64.ActiveCfg = Release|iPhone
		{BCF99165-4ADE-4FA1-8515-018C3D41F2BF}.Release|iPhone.ActiveCfg = Release|iPhone
		{BCF99165-4ADE-4FA1-8515-018C3D41F2BF}.Release|iPhone.Build.0 = Release|iPhone
		{BCF99165-4ADE-4FA1-8515-018C3D41F2BF}.Release|iPhoneSimulator.ActiveCfg = Release|iPhoneSimulator
		{BCF99165-4ADE-4FA1-8515-018C3D41F2BF}.Release|iPhoneSimulator.Build.0 = Release|iPhoneSimulator
		{BCF99165-4ADE-4FA1-8515-018C3D41F2BF}.Release|x64.ActiveCfg = Release|iPhone
		{BCF99165-4ADE-4FA1-8515-018C3D41F2BF}.Release|x86.ActiveCfg = Release|iPhone
		{D3C1F581-1A60-4B19-A2B7-A4DDB2A0F794}.Ad-Hoc|Any CPU.ActiveCfg = Release|x64
		{D3C1F581-1A60-4B19-A2B7-A4DDB2A0F794}.Ad-Hoc|Any CPU.Build.0 = Release|x64
		{D3C1F581-1A60-4B19-A2B7-A4DDB2A0F794}.Ad-Hoc|Any CPU.Deploy.0 = Release|x64
		{D3C1F581-1A60-4B19-A2B7-A4DDB2A0F794}.Ad-Hoc|ARM.ActiveCfg = Release|ARM
		{D3C1F581-1A60-4B19-A2B7-A4DDB2A0F794}.Ad-Hoc|ARM.Build.0 = Release|ARM
		{D3C1F581-1A60-4B19-A2B7-A4DDB2A0F794}.Ad-Hoc|ARM.Deploy.0 = Release|ARM
		{D3C1F581-1A60-4B19-A2B7-A4DDB2A0F794}.Ad-Hoc|ARM64.ActiveCfg = Release|ARM64
		{D3C1F581-1A60-4B19-A2B7-A4DDB2A0F794}.Ad-Hoc|ARM64.Build.0 = Release|ARM64
		{D3C1F581-1A60-4B19-A2B7-A4DDB2A0F794}.Ad-Hoc|ARM64.Deploy.0 = Release|ARM64
		{D3C1F581-1A60-4B19-A2B7-A4DDB2A0F794}.Ad-Hoc|iPhone.ActiveCfg = Release|x64
		{D3C1F581-1A60-4B19-A2B7-A4DDB2A0F794}.Ad-Hoc|iPhone.Build.0 = Release|x64
		{D3C1F581-1A60-4B19-A2B7-A4DDB2A0F794}.Ad-Hoc|iPhone.Deploy.0 = Release|x64
		{D3C1F581-1A60-4B19-A2B7-A4DDB2A0F794}.Ad-Hoc|iPhoneSimulator.ActiveCfg = Release|x64
		{D3C1F581-1A60-4B19-A2B7-A4DDB2A0F794}.Ad-Hoc|iPhoneSimulator.Build.0 = Release|x64
		{D3C1F581-1A60-4B19-A2B7-A4DDB2A0F794}.Ad-Hoc|iPhoneSimulator.Deploy.0 = Release|x64
		{D3C1F581-1A60-4B19-A2B7-A4DDB2A0F794}.Ad-Hoc|x64.ActiveCfg = Release|x64
		{D3C1F581-1A60-4B19-A2B7-A4DDB2A0F794}.Ad-Hoc|x64.Build.0 = Release|x64
		{D3C1F581-1A60-4B19-A2B7-A4DDB2A0F794}.Ad-Hoc|x64.Deploy.0 = Release|x64
		{D3C1F581-1A60-4B19-A2B7-A4DDB2A0F794}.Ad-Hoc|x86.ActiveCfg = Release|x86
		{D3C1F581-1A60-4B19-A2B7-A4DDB2A0F794}.Ad-Hoc|x86.Build.0 = Release|x86
		{D3C1F581-1A60-4B19-A2B7-A4DDB2A0F794}.Ad-Hoc|x86.Deploy.0 = Release|x86
		{D3C1F581-1A60-4B19-A2B7-A4DDB2A0F794}.AppStore|Any CPU.ActiveCfg = Release|x64
		{D3C1F581-1A60-4B19-A2B7-A4DDB2A0F794}.AppStore|Any CPU.Build.0 = Release|x64
		{D3C1F581-1A60-4B19-A2B7-A4DDB2A0F794}.AppStore|Any CPU.Deploy.0 = Release|x64
		{D3C1F581-1A60-4B19-A2B7-A4DDB2A0F794}.AppStore|ARM.ActiveCfg = Release|ARM
		{D3C1F581-1A60-4B19-A2B7-A4DDB2A0F794}.AppStore|ARM.Build.0 = Release|ARM
		{D3C1F581-1A60-4B19-A2B7-A4DDB2A0F794}.AppStore|ARM.Deploy.0 = Release|ARM
		{D3C1F581-1A60-4B19-A2B7-A4DDB2A0F794}.AppStore|ARM64.ActiveCfg = Release|ARM64
		{D3C1F581-1A60-4B19-A2B7-A4DDB2A0F794}.AppStore|ARM64.Build.0 = Release|ARM64
		{D3C1F581-1A60-4B19-A2B7-A4DDB2A0F794}.AppStore|ARM64.Deploy.0 = Release|ARM64
		{D3C1F581-1A60-4B19-A2B7-A4DDB2A0F794}.AppStore|iPhone.ActiveCfg = Release|x64
		{D3C1F581-1A60-4B19-A2B7-A4DDB2A0F794}.AppStore|iPhone.Build.0 = Release|x64
		{D3C1F581-1A60-4B19-A2B7-A4DDB2A0F794}.AppStore|iPhone.Deploy.0 = Release|x64
		{D3C1F581-1A60-4B19-A2B7-A4DDB2A0F794}.AppStore|iPhoneSimulator.ActiveCfg = Release|x64
		{D3C1F581-1A60-4B19-A2B7-A4DDB2A0F794}.AppStore|iPhoneSimulator.Build.0 = Release|x64
		{D3C1F581-1A60-4B19-A2B7-A4DDB2A0F794}.AppStore|iPhoneSimulator.Deploy.0 = Release|x64
		{D3C1F581-1A60-4B19-A2B7-A4DDB2A0F794}.AppStore|x64.ActiveCfg = Release|x64
		{D3C1F581-1A60-4B19-A2B7-A4DDB2A0F794}.AppStore|x64.Build.0 = Release|x64
		{D3C1F581-1A60-4B19-A2B7-A4DDB2A0F794}.AppStore|x64.Deploy.0 = Release|x64
		{D3C1F581-1A60-4B19-A2B7-A4DDB2A0F794}.AppStore|x86.ActiveCfg = Release|x86
		{D3C1F581-1A60-4B19-A2B7-A4DDB2A0F794}.AppStore|x86.Build.0 = Release|x86
		{D3C1F581-1A60-4B19-A2B7-A4DDB2A0F794}.AppStore|x86.Deploy.0 = Release|x86
		{D3C1F581-1A60-4B19-A2B7-A4DDB2A0F794}.Debug|Any CPU.ActiveCfg = Debug|x86
		{D3C1F581-1A60-4B19-A2B7-A4DDB2A0F794}.Debug|ARM.ActiveCfg = Debug|ARM
		{D3C1F581-1A60-4B19-A2B7-A4DDB2A0F794}.Debug|ARM.Build.0 = Debug|ARM
		{D3C1F581-1A60-4B19-A2B7-A4DDB2A0F794}.Debug|ARM.Deploy.0 = Debug|ARM
		{D3C1F581-1A60-4B19-A2B7-A4DDB2A0F794}.Debug|ARM64.ActiveCfg = Debug|ARM64
		{D3C1F581-1A60-4B19-A2B7-A4DDB2A0F794}.Debug|ARM64.Build.0 = Debug|ARM64
		{D3C1F581-1A60-4B19-A2B7-A4DDB2A0F794}.Debug|ARM64.Deploy.0 = Debug|ARM64
		{D3C1F581-1A60-4B19-A2B7-A4DDB2A0F794}.Debug|iPhone.ActiveCfg = Debug|x86
		{D3C1F581-1A60-4B19-A2B7-A4DDB2A0F794}.Debug|iPhoneSimulator.ActiveCfg = Debug|x86
		{D3C1F581-1A60-4B19-A2B7-A4DDB2A0F794}.Debug|x64.ActiveCfg = Debug|x64
		{D3C1F581-1A60-4B19-A2B7-A4DDB2A0F794}.Debug|x64.Build.0 = Debug|x64
		{D3C1F581-1A60-4B19-A2B7-A4DDB2A0F794}.Debug|x64.Deploy.0 = Debug|x64
		{D3C1F581-1A60-4B19-A2B7-A4DDB2A0F794}.Debug|x86.ActiveCfg = Debug|x86
		{D3C1F581-1A60-4B19-A2B7-A4DDB2A0F794}.Debug|x86.Build.0 = Debug|x86
		{D3C1F581-1A60-4B19-A2B7-A4DDB2A0F794}.Debug|x86.Deploy.0 = Debug|x86
		{D3C1F581-1A60-4B19-A2B7-A4DDB2A0F794}.Release|Any CPU.ActiveCfg = Release|x86
		{D3C1F581-1A60-4B19-A2B7-A4DDB2A0F794}.Release|ARM.ActiveCfg = Release|ARM
		{D3C1F581-1A60-4B19-A2B7-A4DDB2A0F794}.Release|ARM.Build.0 = Release|ARM
		{D3C1F581-1A60-4B19-A2B7-A4DDB2A0F794}.Release|ARM.Deploy.0 = Release|ARM
		{D3C1F581-1A60-4B19-A2B7-A4DDB2A0F794}.Release|ARM64.ActiveCfg = Release|ARM64
		{D3C1F581-1A60-4B19-A2B7-A4DDB2A0F794}.Release|ARM64.Build.0 = Release|ARM64
		{D3C1F581-1A60-4B19-A2B7-A4DDB2A0F794}.Release|ARM64.Deploy.0 = Release|ARM64
		{D3C1F581-1A60-4B19-A2B7-A4DDB2A0F794}.Release|iPhone.ActiveCfg = Release|x86
		{D3C1F581-1A60-4B19-A2B7-A4DDB2A0F794}.Release|iPhoneSimulator.ActiveCfg = Release|x86
		{D3C1F581-1A60-4B19-A2B7-A4DDB2A0F794}.Release|x64.ActiveCfg = Release|x64
		{D3C1F581-1A60-4B19-A2B7-A4DDB2A0F794}.Release|x64.Build.0 = Release|x64
		{D3C1F581-1A60-4B19-A2B7-A4DDB2A0F794}.Release|x64.Deploy.0 = Release|x64
		{D3C1F581-1A60-4B19-A2B7-A4DDB2A0F794}.Release|x86.ActiveCfg = Release|x86
		{D3C1F581-1A60-4B19-A2B7-A4DDB2A0F794}.Release|x86.Build.0 = Release|x86
		{D3C1F581-1A60-4B19-A2B7-A4DDB2A0F794}.Release|x86.Deploy.0 = Release|x86
		{E2A7D9BB-95EC-44D2-BDBE-35C480EB9C87}.Ad-Hoc|Any CPU.ActiveCfg = Debug|Any CPU
		{E2A7D9BB-95EC-44D2-BDBE-35C480EB9C87}.Ad-Hoc|Any CPU.Build.0 = Debug|Any CPU
		{E2A7D9BB-95EC-44D2-BDBE-35C480EB9C87}.Ad-Hoc|ARM.ActiveCfg = Debug|Any CPU
		{E2A7D9BB-95EC-44D2-BDBE-35C480EB9C87}.Ad-Hoc|ARM.Build.0 = Debug|Any CPU
		{E2A7D9BB-95EC-44D2-BDBE-35C480EB9C87}.Ad-Hoc|ARM64.ActiveCfg = Debug|Any CPU
		{E2A7D9BB-95EC-44D2-BDBE-35C480EB9C87}.Ad-Hoc|ARM64.Build.0 = Debug|Any CPU
		{E2A7D9BB-95EC-44D2-BDBE-35C480EB9C87}.Ad-Hoc|iPhone.ActiveCfg = Debug|Any CPU
		{E2A7D9BB-95EC-44D2-BDBE-35C480EB9C87}.Ad-Hoc|iPhone.Build.0 = Debug|Any CPU
		{E2A7D9BB-95EC-44D2-BDBE-35C480EB9C87}.Ad-Hoc|iPhoneSimulator.ActiveCfg = Debug|Any CPU
		{E2A7D9BB-95EC-44D2-BDBE-35C480EB9C87}.Ad-Hoc|iPhoneSimulator.Build.0 = Debug|Any CPU
		{E2A7D9BB-95EC-44D2-BDBE-35C480EB9C87}.Ad-Hoc|x64.ActiveCfg = Debug|Any CPU
		{E2A7D9BB-95EC-44D2-BDBE-35C480EB9C87}.Ad-Hoc|x64.Build.0 = Debug|Any CPU
		{E2A7D9BB-95EC-44D2-BDBE-35C480EB9C87}.Ad-Hoc|x86.ActiveCfg = Debug|Any CPU
		{E2A7D9BB-95EC-44D2-BDBE-35C480EB9C87}.Ad-Hoc|x86.Build.0 = Debug|Any CPU
		{E2A7D9BB-95EC-44D2-BDBE-35C480EB9C87}.AppStore|Any CPU.ActiveCfg = Debug|Any CPU
		{E2A7D9BB-95EC-44D2-BDBE-35C480EB9C87}.AppStore|Any CPU.Build.0 = Debug|Any CPU
		{E2A7D9BB-95EC-44D2-BDBE-35C480EB9C87}.AppStore|ARM.ActiveCfg = Debug|Any CPU
		{E2A7D9BB-95EC-44D2-BDBE-35C480EB9C87}.AppStore|ARM.Build.0 = Debug|Any CPU
		{E2A7D9BB-95EC-44D2-BDBE-35C480EB9C87}.AppStore|ARM64.ActiveCfg = Debug|Any CPU
		{E2A7D9BB-95EC-44D2-BDBE-35C480EB9C87}.AppStore|ARM64.Build.0 = Debug|Any CPU
		{E2A7D9BB-95EC-44D2-BDBE-35C480EB9C87}.AppStore|iPhone.ActiveCfg = Debug|Any CPU
		{E2A7D9BB-95EC-44D2-BDBE-35C480EB9C87}.AppStore|iPhone.Build.0 = Debug|Any CPU
		{E2A7D9BB-95EC-44D2-BDBE-35C480EB9C87}.AppStore|iPhoneSimulator.ActiveCfg = Debug|Any CPU
		{E2A7D9BB-95EC-44D2-BDBE-35C480EB9C87}.AppStore|iPhoneSimulator.Build.0 = Debug|Any CPU
		{E2A7D9BB-95EC-44D2-BDBE-35C480EB9C87}.AppStore|x64.ActiveCfg = Debug|Any CPU
		{E2A7D9BB-95EC-44D2-BDBE-35C480EB9C87}.AppStore|x64.Build.0 = Debug|Any CPU
		{E2A7D9BB-95EC-44D2-BDBE-35C480EB9C87}.AppStore|x86.ActiveCfg = Debug|Any CPU
		{E2A7D9BB-95EC-44D2-BDBE-35C480EB9C87}.AppStore|x86.Build.0 = Debug|Any CPU
		{E2A7D9BB-95EC-44D2-BDBE-35C480EB9C87}.Debug|Any CPU.ActiveCfg = Debug|Any CPU
		{E2A7D9BB-95EC-44D2-BDBE-35C480EB9C87}.Debug|Any CPU.Build.0 = Debug|Any CPU
		{E2A7D9BB-95EC-44D2-BDBE-35C480EB9C87}.Debug|ARM.ActiveCfg = Debug|Any CPU
		{E2A7D9BB-95EC-44D2-BDBE-35C480EB9C87}.Debug|ARM.Build.0 = Debug|Any CPU
		{E2A7D9BB-95EC-44D2-BDBE-35C480EB9C87}.Debug|ARM64.ActiveCfg = Debug|Any CPU
		{E2A7D9BB-95EC-44D2-BDBE-35C480EB9C87}.Debug|ARM64.Build.0 = Debug|Any CPU
		{E2A7D9BB-95EC-44D2-BDBE-35C480EB9C87}.Debug|iPhone.ActiveCfg = Debug|Any CPU
		{E2A7D9BB-95EC-44D2-BDBE-35C480EB9C87}.Debug|iPhone.Build.0 = Debug|Any CPU
		{E2A7D9BB-95EC-44D2-BDBE-35C480EB9C87}.Debug|iPhoneSimulator.ActiveCfg = Debug|Any CPU
		{E2A7D9BB-95EC-44D2-BDBE-35C480EB9C87}.Debug|iPhoneSimulator.Build.0 = Debug|Any CPU
		{E2A7D9BB-95EC-44D2-BDBE-35C480EB9C87}.Debug|x64.ActiveCfg = Debug|Any CPU
		{E2A7D9BB-95EC-44D2-BDBE-35C480EB9C87}.Debug|x64.Build.0 = Debug|Any CPU
		{E2A7D9BB-95EC-44D2-BDBE-35C480EB9C87}.Debug|x86.ActiveCfg = Debug|Any CPU
		{E2A7D9BB-95EC-44D2-BDBE-35C480EB9C87}.Debug|x86.Build.0 = Debug|Any CPU
		{E2A7D9BB-95EC-44D2-BDBE-35C480EB9C87}.Release|Any CPU.ActiveCfg = Release|Any CPU
		{E2A7D9BB-95EC-44D2-BDBE-35C480EB9C87}.Release|Any CPU.Build.0 = Release|Any CPU
		{E2A7D9BB-95EC-44D2-BDBE-35C480EB9C87}.Release|ARM.ActiveCfg = Release|Any CPU
		{E2A7D9BB-95EC-44D2-BDBE-35C480EB9C87}.Release|ARM.Build.0 = Release|Any CPU
		{E2A7D9BB-95EC-44D2-BDBE-35C480EB9C87}.Release|ARM64.ActiveCfg = Release|Any CPU
		{E2A7D9BB-95EC-44D2-BDBE-35C480EB9C87}.Release|ARM64.Build.0 = Release|Any CPU
		{E2A7D9BB-95EC-44D2-BDBE-35C480EB9C87}.Release|iPhone.ActiveCfg = Release|Any CPU
		{E2A7D9BB-95EC-44D2-BDBE-35C480EB9C87}.Release|iPhone.Build.0 = Release|Any CPU
		{E2A7D9BB-95EC-44D2-BDBE-35C480EB9C87}.Release|iPhoneSimulator.ActiveCfg = Release|Any CPU
		{E2A7D9BB-95EC-44D2-BDBE-35C480EB9C87}.Release|iPhoneSimulator.Build.0 = Release|Any CPU
		{E2A7D9BB-95EC-44D2-BDBE-35C480EB9C87}.Release|x64.ActiveCfg = Release|Any CPU
		{E2A7D9BB-95EC-44D2-BDBE-35C480EB9C87}.Release|x64.Build.0 = Release|Any CPU
		{E2A7D9BB-95EC-44D2-BDBE-35C480EB9C87}.Release|x86.ActiveCfg = Release|Any CPU
		{E2A7D9BB-95EC-44D2-BDBE-35C480EB9C87}.Release|x86.Build.0 = Release|Any CPU
		{3465A672-7FAA-49F6-A902-9935DA03D0BD}.Ad-Hoc|Any CPU.ActiveCfg = Release|iPhoneSimulator
		{3465A672-7FAA-49F6-A902-9935DA03D0BD}.Ad-Hoc|Any CPU.Build.0 = Release|iPhoneSimulator
		{3465A672-7FAA-49F6-A902-9935DA03D0BD}.Ad-Hoc|ARM.ActiveCfg = Release|iPhoneSimulator
		{3465A672-7FAA-49F6-A902-9935DA03D0BD}.Ad-Hoc|ARM.Build.0 = Release|iPhoneSimulator
		{3465A672-7FAA-49F6-A902-9935DA03D0BD}.Ad-Hoc|ARM64.ActiveCfg = Release|iPhoneSimulator
		{3465A672-7FAA-49F6-A902-9935DA03D0BD}.Ad-Hoc|ARM64.Build.0 = Release|iPhoneSimulator
		{3465A672-7FAA-49F6-A902-9935DA03D0BD}.Ad-Hoc|iPhone.ActiveCfg = Release|iPhoneSimulator
		{3465A672-7FAA-49F6-A902-9935DA03D0BD}.Ad-Hoc|iPhone.Build.0 = Release|iPhoneSimulator
		{3465A672-7FAA-49F6-A902-9935DA03D0BD}.Ad-Hoc|iPhoneSimulator.ActiveCfg = Release|iPhoneSimulator
		{3465A672-7FAA-49F6-A902-9935DA03D0BD}.Ad-Hoc|iPhoneSimulator.Build.0 = Release|iPhoneSimulator
		{3465A672-7FAA-49F6-A902-9935DA03D0BD}.Ad-Hoc|x64.ActiveCfg = Release|iPhoneSimulator
		{3465A672-7FAA-49F6-A902-9935DA03D0BD}.Ad-Hoc|x64.Build.0 = Release|iPhoneSimulator
		{3465A672-7FAA-49F6-A902-9935DA03D0BD}.Ad-Hoc|x86.ActiveCfg = Release|iPhoneSimulator
		{3465A672-7FAA-49F6-A902-9935DA03D0BD}.Ad-Hoc|x86.Build.0 = Release|iPhoneSimulator
		{3465A672-7FAA-49F6-A902-9935DA03D0BD}.AppStore|Any CPU.ActiveCfg = Release|iPhoneSimulator
		{3465A672-7FAA-49F6-A902-9935DA03D0BD}.AppStore|Any CPU.Build.0 = Release|iPhoneSimulator
		{3465A672-7FAA-49F6-A902-9935DA03D0BD}.AppStore|ARM.ActiveCfg = Release|iPhoneSimulator
		{3465A672-7FAA-49F6-A902-9935DA03D0BD}.AppStore|ARM.Build.0 = Release|iPhoneSimulator
		{3465A672-7FAA-49F6-A902-9935DA03D0BD}.AppStore|ARM64.ActiveCfg = Release|iPhoneSimulator
		{3465A672-7FAA-49F6-A902-9935DA03D0BD}.AppStore|ARM64.Build.0 = Release|iPhoneSimulator
		{3465A672-7FAA-49F6-A902-9935DA03D0BD}.AppStore|iPhone.ActiveCfg = Release|iPhoneSimulator
		{3465A672-7FAA-49F6-A902-9935DA03D0BD}.AppStore|iPhone.Build.0 = Release|iPhoneSimulator
		{3465A672-7FAA-49F6-A902-9935DA03D0BD}.AppStore|iPhoneSimulator.ActiveCfg = Release|iPhoneSimulator
		{3465A672-7FAA-49F6-A902-9935DA03D0BD}.AppStore|iPhoneSimulator.Build.0 = Release|iPhoneSimulator
		{3465A672-7FAA-49F6-A902-9935DA03D0BD}.AppStore|x64.ActiveCfg = Release|iPhoneSimulator
		{3465A672-7FAA-49F6-A902-9935DA03D0BD}.AppStore|x64.Build.0 = Release|iPhoneSimulator
		{3465A672-7FAA-49F6-A902-9935DA03D0BD}.AppStore|x86.ActiveCfg = Release|iPhoneSimulator
		{3465A672-7FAA-49F6-A902-9935DA03D0BD}.AppStore|x86.Build.0 = Release|iPhoneSimulator
		{3465A672-7FAA-49F6-A902-9935DA03D0BD}.Debug|Any CPU.ActiveCfg = Debug|iPhoneSimulator
		{3465A672-7FAA-49F6-A902-9935DA03D0BD}.Debug|ARM.ActiveCfg = Debug|iPhoneSimulator
		{3465A672-7FAA-49F6-A902-9935DA03D0BD}.Debug|ARM64.ActiveCfg = Debug|iPhoneSimulator
		{3465A672-7FAA-49F6-A902-9935DA03D0BD}.Debug|iPhone.ActiveCfg = Debug|iPhoneSimulator
		{3465A672-7FAA-49F6-A902-9935DA03D0BD}.Debug|iPhoneSimulator.ActiveCfg = Debug|iPhoneSimulator
		{3465A672-7FAA-49F6-A902-9935DA03D0BD}.Debug|iPhoneSimulator.Build.0 = Debug|iPhoneSimulator
		{3465A672-7FAA-49F6-A902-9935DA03D0BD}.Debug|x64.ActiveCfg = Debug|iPhoneSimulator
		{3465A672-7FAA-49F6-A902-9935DA03D0BD}.Debug|x86.ActiveCfg = Debug|iPhoneSimulator
		{3465A672-7FAA-49F6-A902-9935DA03D0BD}.Release|Any CPU.ActiveCfg = Release|iPhoneSimulator
		{3465A672-7FAA-49F6-A902-9935DA03D0BD}.Release|ARM.ActiveCfg = Release|iPhoneSimulator
		{3465A672-7FAA-49F6-A902-9935DA03D0BD}.Release|ARM64.ActiveCfg = Release|iPhoneSimulator
		{3465A672-7FAA-49F6-A902-9935DA03D0BD}.Release|iPhone.ActiveCfg = Release|iPhoneSimulator
		{3465A672-7FAA-49F6-A902-9935DA03D0BD}.Release|iPhoneSimulator.ActiveCfg = Release|iPhoneSimulator
		{3465A672-7FAA-49F6-A902-9935DA03D0BD}.Release|iPhoneSimulator.Build.0 = Release|iPhoneSimulator
		{3465A672-7FAA-49F6-A902-9935DA03D0BD}.Release|x64.ActiveCfg = Release|iPhoneSimulator
		{3465A672-7FAA-49F6-A902-9935DA03D0BD}.Release|x86.ActiveCfg = Release|iPhoneSimulator
	EndGlobalSection
	GlobalSection(SolutionProperties) = preSolution
		HideSolutionNode = FALSE
	EndGlobalSection
	GlobalSection(ExtensibilityGlobals) = postSolution
		SolutionGuid = {A11328CB-A3FE-4BA9-9F1F-87296C0B351C}
	EndGlobalSection
EndGlobal
